
Microsoft Visual Studio Solution File, Format Version 12.00
# Visual Studio Version 16
VisualStudioVersion = 16.0.31624.102
MinimumVisualStudioVersion = 10.0.40219.1
Project("{FAE04EC0-301F-11D3-BF4B-00C04F79EFBC}") = "Compentio.SourceApi", "Compentio.SourceApi\Compentio.SourceApi.csproj", "{8EEA987C-D85D-4AF8-A91C-B7CD1D05792E}"
EndProject
Project("{FAE04EC0-301F-11D3-BF4B-00C04F79EFBC}") = "Compentio.SourceApi.WebExample", "Compentio.SourceApi.WebExample\Compentio.SourceApi.WebExample.csproj", "{0B7EA186-3549-4C33-8EDC-240B25A5FFDE}"
EndProject
Global
	GlobalSection(SolutionConfigurationPlatforms) = preSolution
		Debug|Any CPU = Debug|Any CPU
		Release|Any CPU = Release|Any CPU
	EndGlobalSection
	GlobalSection(ProjectConfigurationPlatforms) = postSolution
		{8EEA987C-D85D-4AF8-A91C-B7CD1D05792E}.Debug|Any CPU.ActiveCfg = Debug|Any CPU
		{8EEA987C-D85D-4AF8-A91C-B7CD1D05792E}.Debug|Any CPU.Build.0 = Debug|Any CPU
		{8EEA987C-D85D-4AF8-A91C-B7CD1D05792E}.Release|Any CPU.ActiveCfg = Release|Any CPU
		{8EEA987C-D85D-4AF8-A91C-B7CD1D05792E}.Release|Any CPU.Build.0 = Release|Any CPU
		{0B7EA186-3549-4C33-8EDC-240B25A5FFDE}.Debug|Any CPU.ActiveCfg = Debug|Any CPU
		{0B7EA186-3549-4C33-8EDC-240B25A5FFDE}.Debug|Any CPU.Build.0 = Debug|Any CPU
		{0B7EA186-3549-4C33-8EDC-240B25A5FFDE}.Release|Any CPU.ActiveCfg = Release|Any CPU
		{0B7EA186-3549-4C33-8EDC-240B25A5FFDE}.Release|Any CPU.Build.0 = Release|Any CPU
	EndGlobalSection
	GlobalSection(SolutionProperties) = preSolution
		HideSolutionNode = FALSE
	EndGlobalSection
	GlobalSection(ExtensibilityGlobals) = postSolution
		SolutionGuid = {991C7477-993B-4F86-9CEE-7CCE7F70A1C6}
	EndGlobalSection
EndGlobal
